
Microsoft Visual Studio Solution File, Format Version 12.00
# Visual Studio Version 17
VisualStudioVersion = 17.8.34316.72
MinimumVisualStudioVersion = 10.0.40219.1
Project("{FAE04EC0-301F-11D3-BF4B-00C04F79EFBC}") = "Problema_B", "Problema_B\Problema_B.csproj", "{F083B57F-5DD0-4D2E-BE03-9A49DD342CDD}"
EndProject
Global
	GlobalSection(SolutionConfigurationPlatforms) = preSolution
		Debug|Any CPU = Debug|Any CPU
		Release|Any CPU = Release|Any CPU
	EndGlobalSection
	GlobalSection(ProjectConfigurationPlatforms) = postSolution
		{F083B57F-5DD0-4D2E-BE03-9A49DD342CDD}.Debug|Any CPU.ActiveCfg = Debug|Any CPU
		{F083B57F-5DD0-4D2E-BE03-9A49DD342CDD}.Debug|Any CPU.Build.0 = Debug|Any CPU
		{F083B57F-5DD0-4D2E-BE03-9A49DD342CDD}.Release|Any CPU.ActiveCfg = Release|Any CPU
		{F083B57F-5DD0-4D2E-BE03-9A49DD342CDD}.Release|Any CPU.Build.0 = Release|Any CPU
	EndGlobalSection
	GlobalSection(SolutionProperties) = preSolution
		HideSolutionNode = FALSE
	EndGlobalSection
	GlobalSection(ExtensibilityGlobals) = postSolution
		SolutionGuid = {1CD6F6D6-317A-4C58-8E95-7C9D55BF2812}
	EndGlobalSection
EndGlobal
